
Microsoft Visual Studio Solution File, Format Version 12.00
# Visual Studio Version 17
VisualStudioVersion = 17.13.35931.197 d17.13
MinimumVisualStudioVersion = 10.0.40219.1
Project("{FAE04EC0-301F-11D3-BF4B-00C04F79EFBC}") = "Torrent2Magnet", "Torrent2Magnet.csproj", "{5F8B4920-1CC4-4A2A-BC9D-2CE92B855053}"
EndProject
Global
	GlobalSection(SolutionConfigurationPlatforms) = preSolution
		Debug|x64 = Debug|x64
		Release|x64 = Release|x64
	EndGlobalSection
	GlobalSection(ProjectConfigurationPlatforms) = postSolution
		{5F8B4920-1CC4-4A2A-BC9D-2CE92B855053}.Debug|x64.ActiveCfg = Release|x64
		{5F8B4920-1CC4-4A2A-BC9D-2CE92B855053}.Debug|x64.Build.0 = Release|x64
		{5F8B4920-1CC4-4A2A-BC9D-2CE92B855053}.Release|x64.ActiveCfg = Release|x64
		{5F8B4920-1CC4-4A2A-BC9D-2CE92B855053}.Release|x64.Build.0 = Release|x64
	EndGlobalSection
	GlobalSection(SolutionProperties) = preSolution
		HideSolutionNode = FALSE
	EndGlobalSection
	GlobalSection(ExtensibilityGlobals) = postSolution
		SolutionGuid = {3179FF63-0C21-46BC-8E79-C23040AD1415}
	EndGlobalSection
EndGlobal
